// !$*UTF8*$!
{
	archiveVersion = 1;
	classes = {
	};
	objectVersion = 46;
	objects = {

/* Begin PBXBuildFile section */
		3F0502BD1D6EE4F900EA24F0 /* AppDelegate.swift in Sources */ = {isa = PBXBuildFile; fileRef = 3F0502BC1D6EE4F900EA24F0 /* AppDelegate.swift */; };
		3F0502BF1D6EE4FA00EA24F0 /* Assets.xcassets in Resources */ = {isa = PBXBuildFile; fileRef = 3F0502BE1D6EE4FA00EA24F0 /* Assets.xcassets */; };
		3F0502C21D6EE4FA00EA24F0 /* MainMenu.xib in Resources */ = {isa = PBXBuildFile; fileRef = 3F0502C01D6EE4FA00EA24F0 /* MainMenu.xib */; };
		3F0502CD1D6EE4FA00EA24F0 /* GeekParkTests.swift in Sources */ = {isa = PBXBuildFile; fileRef = 3F0502CC1D6EE4FA00EA24F0 /* GeekParkTests.swift */; };
		3F0502D81D6EE4FA00EA24F0 /* GeekParkUITests.swift in Sources */ = {isa = PBXBuildFile; fileRef = 3F0502D71D6EE4FA00EA24F0 /* GeekParkUITests.swift */; };
		3F0502FB1D6FD41900EA24F0 /* MainViewController.swift in Sources */ = {isa = PBXBuildFile; fileRef = 3F0502FA1D6FD41900EA24F0 /* MainViewController.swift */; };
		3F0502FD1D6FD41F00EA24F0 /* PopViewController.swift in Sources */ = {isa = PBXBuildFile; fileRef = 3F0502FC1D6FD41F00EA24F0 /* PopViewController.swift */; };
		3F0502FF1D6FD42400EA24F0 /* PopViewController.xib in Resources */ = {isa = PBXBuildFile; fileRef = 3F0502FE1D6FD42400EA24F0 /* PopViewController.xib */; };
		3F0503011D6FD45E00EA24F0 /* HttpHelper.swift in Sources */ = {isa = PBXBuildFile; fileRef = 3F0503001D6FD45E00EA24F0 /* HttpHelper.swift */; };
		3F8BA9491D7157EE00DD032C /* GPModel.swift in Sources */ = {isa = PBXBuildFile; fileRef = 3F8BA9481D7157EE00DD032C /* GPModel.swift */; };
		3F8BA94D1D717F5000DD032C /* GPCell.swift in Sources */ = {isa = PBXBuildFile; fileRef = 3F8BA94C1D717F5000DD032C /* GPCell.swift */; };
		91210F0B144CD21438E8EC11 /* Pods_GeekPark.framework in Frameworks */ = {isa = PBXBuildFile; fileRef = D64DF004FFDDA52E8DBFAA35 /* Pods_GeekPark.framework */; };
/* End PBXBuildFile section */

/* Begin PBXContainerItemProxy section */
		3F0502C91D6EE4FA00EA24F0 /* PBXContainerItemProxy */ = {
			isa = PBXContainerItemProxy;
			containerPortal = 3F0502B11D6EE4F900EA24F0 /* Project object */;
			proxyType = 1;
			remoteGlobalIDString = 3F0502B81D6EE4F900EA24F0;
			remoteInfo = GeekPark;
		};
		3F0502D41D6EE4FA00EA24F0 /* PBXContainerItemProxy */ = {
			isa = PBXContainerItemProxy;
			containerPortal = 3F0502B11D6EE4F900EA24F0 /* Project object */;
			proxyType = 1;
			remoteGlobalIDString = 3F0502B81D6EE4F900EA24F0;
			remoteInfo = GeekPark;
		};
/* End PBXContainerItemProxy section */

/* Begin PBXFileReference section */
		3F0502B91D6EE4F900EA24F0 /* GeekPark.app */ = {isa = PBXFileReference; explicitFileType = wrapper.application; includeInIndex = 0; path = GeekPark.app; sourceTree = BUILT_PRODUCTS_DIR; };
		3F0502BC1D6EE4F900EA24F0 /* AppDelegate.swift */ = {isa = PBXFileReference; lastKnownFileType = sourcecode.swift; path = AppDelegate.swift; sourceTree = "<group>"; };
		3F0502BE1D6EE4FA00EA24F0 /* Assets.xcassets */ = {isa = PBXFileReference; lastKnownFileType = folder.assetcatalog; path = Assets.xcassets; sourceTree = "<group>"; };
		3F0502C11D6EE4FA00EA24F0 /* Base */ = {isa = PBXFileReference; lastKnownFileType = file.xib; name = Base; path = Base.lproj/MainMenu.xib; sourceTree = "<group>"; };
		3F0502C31D6EE4FA00EA24F0 /* Info.plist */ = {isa = PBXFileReference; lastKnownFileType = text.plist.xml; path = Info.plist; sourceTree = "<group>"; };
		3F0502C81D6EE4FA00EA24F0 /* GeekParkTests.xctest */ = {isa = PBXFileReference; explicitFileType = wrapper.cfbundle; includeInIndex = 0; path = GeekParkTests.xctest; sourceTree = BUILT_PRODUCTS_DIR; };
		3F0502CC1D6EE4FA00EA24F0 /* GeekParkTests.swift */ = {isa = PBXFileReference; lastKnownFileType = sourcecode.swift; path = GeekParkTests.swift; sourceTree = "<group>"; };
		3F0502CE1D6EE4FA00EA24F0 /* Info.plist */ = {isa = PBXFileReference; lastKnownFileType = text.plist.xml; path = Info.plist; sourceTree = "<group>"; };
		3F0502D31D6EE4FA00EA24F0 /* GeekParkUITests.xctest */ = {isa = PBXFileReference; explicitFileType = wrapper.cfbundle; includeInIndex = 0; path = GeekParkUITests.xctest; sourceTree = BUILT_PRODUCTS_DIR; };
		3F0502D71D6EE4FA00EA24F0 /* GeekParkUITests.swift */ = {isa = PBXFileReference; lastKnownFileType = sourcecode.swift; path = GeekParkUITests.swift; sourceTree = "<group>"; };
		3F0502D91D6EE4FA00EA24F0 /* Info.plist */ = {isa = PBXFileReference; lastKnownFileType = text.plist.xml; path = Info.plist; sourceTree = "<group>"; };
		3F0502FA1D6FD41900EA24F0 /* MainViewController.swift */ = {isa = PBXFileReference; fileEncoding = 4; lastKnownFileType = sourcecode.swift; path = MainViewController.swift; sourceTree = "<group>"; };
		3F0502FC1D6FD41F00EA24F0 /* PopViewController.swift */ = {isa = PBXFileReference; fileEncoding = 4; lastKnownFileType = sourcecode.swift; path = PopViewController.swift; sourceTree = "<group>"; };
		3F0502FE1D6FD42400EA24F0 /* PopViewController.xib */ = {isa = PBXFileReference; fileEncoding = 4; lastKnownFileType = file.xib; path = PopViewController.xib; sourceTree = "<group>"; };
		3F0503001D6FD45E00EA24F0 /* HttpHelper.swift */ = {isa = PBXFileReference; fileEncoding = 4; lastKnownFileType = sourcecode.swift; path = HttpHelper.swift; sourceTree = "<group>"; };
		3F7750021F0BCD8D002CF8A6 /* libxml2.tbd */ = {isa = PBXFileReference; lastKnownFileType = "sourcecode.text-based-dylib-definition"; name = libxml2.tbd; path = usr/lib/libxml2.tbd; sourceTree = SDKROOT; };
		3F7750041F0BCD9D002CF8A6 /* libxml2.2.tbd */ = {isa = PBXFileReference; lastKnownFileType = "sourcecode.text-based-dylib-definition"; name = libxml2.2.tbd; path = usr/lib/libxml2.2.tbd; sourceTree = SDKROOT; };
		3F8BA9481D7157EE00DD032C /* GPModel.swift */ = {isa = PBXFileReference; fileEncoding = 4; lastKnownFileType = sourcecode.swift; path = GPModel.swift; sourceTree = "<group>"; };
		3F8BA94C1D717F5000DD032C /* GPCell.swift */ = {isa = PBXFileReference; fileEncoding = 4; lastKnownFileType = sourcecode.swift; path = GPCell.swift; sourceTree = "<group>"; };
		805A7607F982DFC2B6EB926F /* Pods-GeekPark.release.xcconfig */ = {isa = PBXFileReference; includeInIndex = 1; lastKnownFileType = text.xcconfig; name = "Pods-GeekPark.release.xcconfig"; path = "Pods/Target Support Files/Pods-GeekPark/Pods-GeekPark.release.xcconfig"; sourceTree = "<group>"; };
		A0990BF6E61650AFB14C5D8F /* Pods-GeekPark.debug.xcconfig */ = {isa = PBXFileReference; includeInIndex = 1; lastKnownFileType = text.xcconfig; name = "Pods-GeekPark.debug.xcconfig"; path = "Pods/Target Support Files/Pods-GeekPark/Pods-GeekPark.debug.xcconfig"; sourceTree = "<group>"; };
		D64DF004FFDDA52E8DBFAA35 /* Pods_GeekPark.framework */ = {isa = PBXFileReference; explicitFileType = wrapper.framework; includeInIndex = 0; path = Pods_GeekPark.framework; sourceTree = BUILT_PRODUCTS_DIR; };
/* End PBXFileReference section */

/* Begin PBXFrameworksBuildPhase section */
		3F0502B61D6EE4F900EA24F0 /* Frameworks */ = {
			isa = PBXFrameworksBuildPhase;
			buildActionMask = 2147483647;
			files = (
				91210F0B144CD21438E8EC11 /* Pods_GeekPark.framework in Frameworks */,
			);
			runOnlyForDeploymentPostprocessing = 0;
		};
		3F0502C51D6EE4FA00EA24F0 /* Frameworks */ = {
			isa = PBXFrameworksBuildPhase;
			buildActionMask = 2147483647;
			files = (
			);
			runOnlyForDeploymentPostprocessing = 0;
		};
		3F0502D01D6EE4FA00EA24F0 /* Frameworks */ = {
			isa = PBXFrameworksBuildPhase;
			buildActionMask = 2147483647;
			files = (
			);
			runOnlyForDeploymentPostprocessing = 0;
		};
/* End PBXFrameworksBuildPhase section */

/* Begin PBXGroup section */
		3F0502B01D6EE4F900EA24F0 = {
			isa = PBXGroup;
			children = (
				3F0502BB1D6EE4F900EA24F0 /* GeekPark */,
				3F0502CB1D6EE4FA00EA24F0 /* GeekParkTests */,
				3F0502D61D6EE4FA00EA24F0 /* GeekParkUITests */,
				3F0502BA1D6EE4F900EA24F0 /* Products */,
				BF9CEDC0687F38EE20FE1D4B /* Pods */,
				525661BCAB0A2D0386C318EF /* Frameworks */,
			);
			sourceTree = "<group>";
		};
		3F0502BA1D6EE4F900EA24F0 /* Products */ = {
			isa = PBXGroup;
			children = (
				3F0502B91D6EE4F900EA24F0 /* GeekPark.app */,
				3F0502C81D6EE4FA00EA24F0 /* GeekParkTests.xctest */,
				3F0502D31D6EE4FA00EA24F0 /* GeekParkUITests.xctest */,
			);
			name = Products;
			sourceTree = "<group>";
		};
		3F0502BB1D6EE4F900EA24F0 /* GeekPark */ = {
			isa = PBXGroup;
			children = (
				3F0502EF1D6F452600EA24F0 /* Network */,
				3F0502ED1D6F449400EA24F0 /* Controller */,
				3F0502EC1D6F448800EA24F0 /* Model */,
				3F0502EB1D6F447500EA24F0 /* Views */,
				3F0502BC1D6EE4F900EA24F0 /* AppDelegate.swift */,
				3F0502BE1D6EE4FA00EA24F0 /* Assets.xcassets */,
				3F0502C01D6EE4FA00EA24F0 /* MainMenu.xib */,
				3F0502C31D6EE4FA00EA24F0 /* Info.plist */,
			);
			path = GeekPark;
			sourceTree = "<group>";
		};
		3F0502CB1D6EE4FA00EA24F0 /* GeekParkTests */ = {
			isa = PBXGroup;
			children = (
				3F0502CC1D6EE4FA00EA24F0 /* GeekParkTests.swift */,
				3F0502CE1D6EE4FA00EA24F0 /* Info.plist */,
			);
			path = GeekParkTests;
			sourceTree = "<group>";
		};
		3F0502D61D6EE4FA00EA24F0 /* GeekParkUITests */ = {
			isa = PBXGroup;
			children = (
				3F0502D71D6EE4FA00EA24F0 /* GeekParkUITests.swift */,
				3F0502D91D6EE4FA00EA24F0 /* Info.plist */,
			);
			path = GeekParkUITests;
			sourceTree = "<group>";
		};
		3F0502EB1D6F447500EA24F0 /* Views */ = {
			isa = PBXGroup;
			children = (
				3F8BA94C1D717F5000DD032C /* GPCell.swift */,
			);
			path = Views;
			sourceTree = "<group>";
		};
		3F0502EC1D6F448800EA24F0 /* Model */ = {
			isa = PBXGroup;
			children = (
				3F8BA9481D7157EE00DD032C /* GPModel.swift */,
			);
			path = Model;
			sourceTree = "<group>";
		};
		3F0502ED1D6F449400EA24F0 /* Controller */ = {
			isa = PBXGroup;
			children = (
				3F0502FA1D6FD41900EA24F0 /* MainViewController.swift */,
				3F0502FC1D6FD41F00EA24F0 /* PopViewController.swift */,
				3F0502FE1D6FD42400EA24F0 /* PopViewController.xib */,
			);
			path = Controller;
			sourceTree = "<group>";
		};
		3F0502EF1D6F452600EA24F0 /* Network */ = {
			isa = PBXGroup;
			children = (
				3F0503001D6FD45E00EA24F0 /* HttpHelper.swift */,
			);
			path = Network;
			sourceTree = "<group>";
		};
		525661BCAB0A2D0386C318EF /* Frameworks */ = {
			isa = PBXGroup;
			children = (
				3F7750041F0BCD9D002CF8A6 /* libxml2.2.tbd */,
				3F7750021F0BCD8D002CF8A6 /* libxml2.tbd */,
				D64DF004FFDDA52E8DBFAA35 /* Pods_GeekPark.framework */,
			);
			name = Frameworks;
			sourceTree = "<group>";
		};
		BF9CEDC0687F38EE20FE1D4B /* Pods */ = {
			isa = PBXGroup;
			children = (
				A0990BF6E61650AFB14C5D8F /* Pods-GeekPark.debug.xcconfig */,
				805A7607F982DFC2B6EB926F /* Pods-GeekPark.release.xcconfig */,
			);
			name = Pods;
			sourceTree = "<group>";
		};
/* End PBXGroup section */

/* Begin PBXNativeTarget section */
		3F0502B81D6EE4F900EA24F0 /* GeekPark */ = {
			isa = PBXNativeTarget;
			buildConfigurationList = 3F0502DC1D6EE4FA00EA24F0 /* Build configuration list for PBXNativeTarget "GeekPark" */;
			buildPhases = (
				C4E5F6AF50313A938434D05D /* [CP] Check Pods Manifest.lock */,
				3F0502B51D6EE4F900EA24F0 /* Sources */,
				3F0502B61D6EE4F900EA24F0 /* Frameworks */,
				3F0502B71D6EE4F900EA24F0 /* Resources */,
				451FD9F70F5FFD5AE954C0C6 /* [CP] Embed Pods Frameworks */,
			);
			buildRules = (
			);
			dependencies = (
			);
			name = GeekPark;
			productName = GeekPark;
			productReference = 3F0502B91D6EE4F900EA24F0 /* GeekPark.app */;
			productType = "com.apple.product-type.application";
		};
		3F0502C71D6EE4FA00EA24F0 /* GeekParkTests */ = {
			isa = PBXNativeTarget;
			buildConfigurationList = 3F0502DF1D6EE4FA00EA24F0 /* Build configuration list for PBXNativeTarget "GeekParkTests" */;
			buildPhases = (
				3F0502C41D6EE4FA00EA24F0 /* Sources */,
				3F0502C51D6EE4FA00EA24F0 /* Frameworks */,
				3F0502C61D6EE4FA00EA24F0 /* Resources */,
			);
			buildRules = (
			);
			dependencies = (
				3F0502CA1D6EE4FA00EA24F0 /* PBXTargetDependency */,
			);
			name = GeekParkTests;
			productName = GeekParkTests;
			productReference = 3F0502C81D6EE4FA00EA24F0 /* GeekParkTests.xctest */;
			productType = "com.apple.product-type.bundle.unit-test";
		};
		3F0502D21D6EE4FA00EA24F0 /* GeekParkUITests */ = {
			isa = PBXNativeTarget;
			buildConfigurationList = 3F0502E21D6EE4FA00EA24F0 /* Build configuration list for PBXNativeTarget "GeekParkUITests" */;
			buildPhases = (
				3F0502CF1D6EE4FA00EA24F0 /* Sources */,
				3F0502D01D6EE4FA00EA24F0 /* Frameworks */,
				3F0502D11D6EE4FA00EA24F0 /* Resources */,
			);
			buildRules = (
			);
			dependencies = (
				3F0502D51D6EE4FA00EA24F0 /* PBXTargetDependency */,
			);
			name = GeekParkUITests;
			productName = GeekParkUITests;
			productReference = 3F0502D31D6EE4FA00EA24F0 /* GeekParkUITests.xctest */;
			productType = "com.apple.product-type.bundle.ui-testing";
		};
/* End PBXNativeTarget section */

/* Begin PBXProject section */
		3F0502B11D6EE4F900EA24F0 /* Project object */ = {
			isa = PBXProject;
			attributes = {
				LastSwiftUpdateCheck = 0730;
				LastUpgradeCheck = 1240;
				ORGANIZATIONNAME = lan;
				TargetAttributes = {
					3F0502B81D6EE4F900EA24F0 = {
						CreatedOnToolsVersion = 7.3.1;
						LastSwiftMigration = 0830;
					};
					3F0502C71D6EE4FA00EA24F0 = {
						CreatedOnToolsVersion = 7.3.1;
						LastSwiftMigration = 0830;
						TestTargetID = 3F0502B81D6EE4F900EA24F0;
					};
					3F0502D21D6EE4FA00EA24F0 = {
						CreatedOnToolsVersion = 7.3.1;
						LastSwiftMigration = 0830;
						TestTargetID = 3F0502B81D6EE4F900EA24F0;
					};
				};
			};
			buildConfigurationList = 3F0502B41D6EE4F900EA24F0 /* Build configuration list for PBXProject "GeekPark" */;
			compatibilityVersion = "Xcode 3.2";
			developmentRegion = en;
			hasScannedForEncodings = 0;
			knownRegions = (
				en,
				Base,
			);
			mainGroup = 3F0502B01D6EE4F900EA24F0;
			productRefGroup = 3F0502BA1D6EE4F900EA24F0 /* Products */;
			projectDirPath = "";
			projectRoot = "";
			targets = (
				3F0502B81D6EE4F900EA24F0 /* GeekPark */,
				3F0502C71D6EE4FA00EA24F0 /* GeekParkTests */,
				3F0502D21D6EE4FA00EA24F0 /* GeekParkUITests */,
			);
		};
/* End PBXProject section */

/* Begin PBXResourcesBuildPhase section */
		3F0502B71D6EE4F900EA24F0 /* Resources */ = {
			isa = PBXResourcesBuildPhase;
			buildActionMask = 2147483647;
			files = (
				3F0502FF1D6FD42400EA24F0 /* PopViewController.xib in Resources */,
				3F0502BF1D6EE4FA00EA24F0 /* Assets.xcassets in Resources */,
				3F0502C21D6EE4FA00EA24F0 /* MainMenu.xib in Resources */,
			);
			runOnlyForDeploymentPostprocessing = 0;
		};
		3F0502C61D6EE4FA00EA24F0 /* Resources */ = {
			isa = PBXResourcesBuildPhase;
			buildActionMask = 2147483647;
			files = (
			);
			runOnlyForDeploymentPostprocessing = 0;
		};
		3F0502D11D6EE4FA00EA24F0 /* Resources */ = {
			isa = PBXResourcesBuildPhase;
			buildActionMask = 2147483647;
			files = (
			);
			runOnlyForDeploymentPostprocessing = 0;
		};
/* End PBXResourcesBuildPhase section */

/* Begin PBXShellScriptBuildPhase section */
		451FD9F70F5FFD5AE954C0C6 /* [CP] Embed Pods Frameworks */ = {
			isa = PBXShellScriptBuildPhase;
			buildActionMask = 2147483647;
			files = (
			);
			inputPaths = (
				"${PODS_ROOT}/Target Support Files/Pods-GeekPark/Pods-GeekPark-frameworks.sh",
				"${BUILT_PRODUCTS_DIR}/Alamofire/Alamofire.framework",
				"${BUILT_PRODUCTS_DIR}/Kingfisher/Kingfisher.framework",
				"${BUILT_PRODUCTS_DIR}/SwiftyJSON/SwiftyJSON.framework",
			);
			name = "[CP] Embed Pods Frameworks";
			outputPaths = (
				"${TARGET_BUILD_DIR}/${FRAMEWORKS_FOLDER_PATH}/Alamofire.framework",
				"${TARGET_BUILD_DIR}/${FRAMEWORKS_FOLDER_PATH}/Kingfisher.framework",
				"${TARGET_BUILD_DIR}/${FRAMEWORKS_FOLDER_PATH}/SwiftyJSON.framework",
			);
			runOnlyForDeploymentPostprocessing = 0;
			shellPath = /bin/sh;
			shellScript = "\"${PODS_ROOT}/Target Support Files/Pods-GeekPark/Pods-GeekPark-frameworks.sh\"\n";
			showEnvVarsInLog = 0;
		};
		C4E5F6AF50313A938434D05D /* [CP] Check Pods Manifest.lock */ = {
			isa = PBXShellScriptBuildPhase;
			buildActionMask = 2147483647;
			files = (
			);
			inputPaths = (
				"${PODS_PODFILE_DIR_PATH}/Podfile.lock",
				"${PODS_ROOT}/Manifest.lock",
			);
			name = "[CP] Check Pods Manifest.lock";
			outputPaths = (
				"$(DERIVED_FILE_DIR)/Pods-GeekPark-checkManifestLockResult.txt",
			);
			runOnlyForDeploymentPostprocessing = 0;
			shellPath = /bin/sh;
			shellScript = "diff \"${PODS_PODFILE_DIR_PATH}/Podfile.lock\" \"${PODS_ROOT}/Manifest.lock\" > /dev/null\nif [ $? != 0 ] ; then\n    # print error to STDERR\n    echo \"error: The sandbox is not in sync with the Podfile.lock. Run 'pod install' or update your CocoaPods installation.\" >&2\n    exit 1\nfi\n# This output is used by Xcode 'outputs' to avoid re-running this script phase.\necho \"SUCCESS\" > \"${SCRIPT_OUTPUT_FILE_0}\"\n";
			showEnvVarsInLog = 0;
		};
/* End PBXShellScriptBuildPhase section */

/* Begin PBXSourcesBuildPhase section */
		3F0502B51D6EE4F900EA24F0 /* Sources */ = {
			isa = PBXSourcesBuildPhase;
			buildActionMask = 2147483647;
			files = (
				3F0502FD1D6FD41F00EA24F0 /* PopViewController.swift in Sources */,
				3F0502FB1D6FD41900EA24F0 /* MainViewController.swift in Sources */,
				3F0502BD1D6EE4F900EA24F0 /* AppDelegate.swift in Sources */,
				3F8BA9491D7157EE00DD032C /* GPModel.swift in Sources */,
				3F8BA94D1D717F5000DD032C /* GPCell.swift in Sources */,
				3F0503011D6FD45E00EA24F0 /* HttpHelper.swift in Sources */,
			);
			runOnlyForDeploymentPostprocessing = 0;
		};
		3F0502C41D6EE4FA00EA24F0 /* Sources */ = {
			isa = PBXSourcesBuildPhase;
			buildActionMask = 2147483647;
			files = (
				3F0502CD1D6EE4FA00EA24F0 /* GeekParkTests.swift in Sources */,
			);
			runOnlyForDeploymentPostprocessing = 0;
		};
		3F0502CF1D6EE4FA00EA24F0 /* Sources */ = {
			isa = PBXSourcesBuildPhase;
			buildActionMask = 2147483647;
			files = (
				3F0502D81D6EE4FA00EA24F0 /* GeekParkUITests.swift in Sources */,
			);
			runOnlyForDeploymentPostprocessing = 0;
		};
/* End PBXSourcesBuildPhase section */

/* Begin PBXTargetDependency section */
		3F0502CA1D6EE4FA00EA24F0 /* PBXTargetDependency */ = {
			isa = PBXTargetDependency;
			target = 3F0502B81D6EE4F900EA24F0 /* GeekPark */;
			targetProxy = 3F0502C91D6EE4FA00EA24F0 /* PBXContainerItemProxy */;
		};
		3F0502D51D6EE4FA00EA24F0 /* PBXTargetDependency */ = {
			isa = PBXTargetDependency;
			target = 3F0502B81D6EE4F900EA24F0 /* GeekPark */;
			targetProxy = 3F0502D41D6EE4FA00EA24F0 /* PBXContainerItemProxy */;
		};
/* End PBXTargetDependency section */

/* Begin PBXVariantGroup section */
		3F0502C01D6EE4FA00EA24F0 /* MainMenu.xib */ = {
			isa = PBXVariantGroup;
			children = (
				3F0502C11D6EE4FA00EA24F0 /* Base */,
			);
			name = MainMenu.xib;
			sourceTree = "<group>";
		};
/* End PBXVariantGroup section */

/* Begin XCBuildConfiguration section */
		3F0502DA1D6EE4FA00EA24F0 /* Debug */ = {
			isa = XCBuildConfiguration;
			buildSettings = {
				ALWAYS_SEARCH_USER_PATHS = NO;
				CLANG_ANALYZER_LOCALIZABILITY_NONLOCALIZED = YES;
				CLANG_ANALYZER_NONNULL = YES;
				CLANG_CXX_LANGUAGE_STANDARD = "gnu++0x";
				CLANG_CXX_LIBRARY = "libc++";
				CLANG_ENABLE_MODULES = YES;
				CLANG_ENABLE_OBJC_ARC = YES;
				CLANG_WARN_BLOCK_CAPTURE_AUTORELEASING = YES;
				CLANG_WARN_BOOL_CONVERSION = YES;
				CLANG_WARN_COMMA = YES;
				CLANG_WARN_CONSTANT_CONVERSION = YES;
				CLANG_WARN_DEPRECATED_OBJC_IMPLEMENTATIONS = YES;
				CLANG_WARN_DIRECT_OBJC_ISA_USAGE = YES_ERROR;
				CLANG_WARN_EMPTY_BODY = YES;
				CLANG_WARN_ENUM_CONVERSION = YES;
				CLANG_WARN_INFINITE_RECURSION = YES;
				CLANG_WARN_INT_CONVERSION = YES;
				CLANG_WARN_NON_LITERAL_NULL_CONVERSION = YES;
				CLANG_WARN_OBJC_IMPLICIT_RETAIN_SELF = YES;
				CLANG_WARN_OBJC_LITERAL_CONVERSION = YES;
				CLANG_WARN_OBJC_ROOT_CLASS = YES_ERROR;
				CLANG_WARN_QUOTED_INCLUDE_IN_FRAMEWORK_HEADER = YES;
				CLANG_WARN_RANGE_LOOP_ANALYSIS = YES;
				CLANG_WARN_STRICT_PROTOTYPES = YES;
				CLANG_WARN_SUSPICIOUS_MOVE = YES;
				CLANG_WARN_UNREACHABLE_CODE = YES;
				CLANG_WARN__DUPLICATE_METHOD_MATCH = YES;
				CODE_SIGN_IDENTITY = "-";
				COPY_PHASE_STRIP = NO;
				DEBUG_INFORMATION_FORMAT = dwarf;
				ENABLE_STRICT_OBJC_MSGSEND = YES;
				ENABLE_TESTABILITY = YES;
				GCC_C_LANGUAGE_STANDARD = gnu99;
				GCC_DYNAMIC_NO_PIC = NO;
				GCC_NO_COMMON_BLOCKS = YES;
				GCC_OPTIMIZATION_LEVEL = 0;
				GCC_PREPROCESSOR_DEFINITIONS = (
					"DEBUG=1",
					"$(inherited)",
				);
				GCC_WARN_64_TO_32_BIT_CONVERSION = YES;
				GCC_WARN_ABOUT_RETURN_TYPE = YES_ERROR;
				GCC_WARN_UNDECLARED_SELECTOR = YES;
				GCC_WARN_UNINITIALIZED_AUTOS = YES_AGGRESSIVE;
				GCC_WARN_UNUSED_FUNCTION = YES;
				GCC_WARN_UNUSED_VARIABLE = YES;
				MACOSX_DEPLOYMENT_TARGET = 10.12;
				MTL_ENABLE_DEBUG_INFO = YES;
				ONLY_ACTIVE_ARCH = YES;
				SDKROOT = macosx;
				SWIFT_OPTIMIZATION_LEVEL = "-Onone";
				SWIFT_VERSION = 5.0;
			};
			name = Debug;
		};
		3F0502DB1D6EE4FA00EA24F0 /* Release */ = {
			isa = XCBuildConfiguration;
			buildSettings = {
				ALWAYS_SEARCH_USER_PATHS = NO;
				CLANG_ANALYZER_LOCALIZABILITY_NONLOCALIZED = YES;
				CLANG_ANALYZER_NONNULL = YES;
				CLANG_CXX_LANGUAGE_STANDARD = "gnu++0x";
				CLANG_CXX_LIBRARY = "libc++";
				CLANG_ENABLE_MODULES = YES;
				CLANG_ENABLE_OBJC_ARC = YES;
				CLANG_WARN_BLOCK_CAPTURE_AUTORELEASING = YES;
				CLANG_WARN_BOOL_CONVERSION = YES;
				CLANG_WARN_COMMA = YES;
				CLANG_WARN_CONSTANT_CONVERSION = YES;
				CLANG_WARN_DEPRECATED_OBJC_IMPLEMENTATIONS = YES;
				CLANG_WARN_DIRECT_OBJC_ISA_USAGE = YES_ERROR;
				CLANG_WARN_EMPTY_BODY = YES;
				CLANG_WARN_ENUM_CONVERSION = YES;
				CLANG_WARN_INFINITE_RECURSION = YES;
				CLANG_WARN_INT_CONVERSION = YES;
				CLANG_WARN_NON_LITERAL_NULL_CONVERSION = YES;
				CLANG_WARN_OBJC_IMPLICIT_RETAIN_SELF = YES;
				CLANG_WARN_OBJC_LITERAL_CONVERSION = YES;
				CLANG_WARN_OBJC_ROOT_CLASS = YES_ERROR;
				CLANG_WARN_QUOTED_INCLUDE_IN_FRAMEWORK_HEADER = YES;
				CLANG_WARN_RANGE_LOOP_ANALYSIS = YES;
				CLANG_WARN_STRICT_PROTOTYPES = YES;
				CLANG_WARN_SUSPICIOUS_MOVE = YES;
				CLANG_WARN_UNREACHABLE_CODE = YES;
				CLANG_WARN__DUPLICATE_METHOD_MATCH = YES;
				CODE_SIGN_IDENTITY = "-";
				COPY_PHASE_STRIP = NO;
				DEBUG_INFORMATION_FORMAT = "dwarf-with-dsym";
				ENABLE_NS_ASSERTIONS = NO;
				ENABLE_STRICT_OBJC_MSGSEND = YES;
				GCC_C_LANGUAGE_STANDARD = gnu99;
				GCC_NO_COMMON_BLOCKS = YES;
				GCC_WARN_64_TO_32_BIT_CONVERSION = YES;
				GCC_WARN_ABOUT_RETURN_TYPE = YES_ERROR;
				GCC_WARN_UNDECLARED_SELECTOR = YES;
				GCC_WARN_UNINITIALIZED_AUTOS = YES_AGGRESSIVE;
				GCC_WARN_UNUSED_FUNCTION = YES;
				GCC_WARN_UNUSED_VARIABLE = YES;
				MACOSX_DEPLOYMENT_TARGET = 10.12;
				MTL_ENABLE_DEBUG_INFO = NO;
				SDKROOT = macosx;
				SWIFT_OPTIMIZATION_LEVEL = "-Owholemodule";
				SWIFT_VERSION = 5.0;
			};
			name = Release;
		};
		3F0502DD1D6EE4FA00EA24F0 /* Debug */ = {
			isa = XCBuildConfiguration;
			baseConfigurationReference = A0990BF6E61650AFB14C5D8F /* Pods-GeekPark.debug.xcconfig */;
			buildSettings = {
				ALWAYS_EMBED_SWIFT_STANDARD_LIBRARIES = YES;
				ASSETCATALOG_COMPILER_APPICON_NAME = AppIcon;
				CODE_SIGN_IDENTITY = "-";
				COMBINE_HIDPI_IMAGES = YES;
				INFOPLIST_FILE = GeekPark/Info.plist;
				LD_RUNPATH_SEARCH_PATHS = "$(inherited) @executable_path/../Frameworks";
				PRODUCT_BUNDLE_IDENTIFIER = lan.GeekPark;
				PRODUCT_NAME = "$(TARGET_NAME)";
				SWIFT_VERSION = 5.0;
			};
			name = Debug;
		};
		3F0502DE1D6EE4FA00EA24F0 /* Release */ = {
			isa = XCBuildConfiguration;
			baseConfigurationReference = 805A7607F982DFC2B6EB926F /* Pods-GeekPark.release.xcconfig */;
			buildSettings = {
				ALWAYS_EMBED_SWIFT_STANDARD_LIBRARIES = YES;
				ASSETCATALOG_COMPILER_APPICON_NAME = AppIcon;
				CODE_SIGN_IDENTITY = "-";
				COMBINE_HIDPI_IMAGES = YES;
				INFOPLIST_FILE = GeekPark/Info.plist;
				LD_RUNPATH_SEARCH_PATHS = "$(inherited) @executable_path/../Frameworks";
				PRODUCT_BUNDLE_IDENTIFIER = lan.GeekPark;
				PRODUCT_NAME = "$(TARGET_NAME)";
				SWIFT_VERSION = 5.0;
			};
			name = Release;
		};
		3F0502E01D6EE4FA00EA24F0 /* Debug */ = {
			isa = XCBuildConfiguration;
			buildSettings = {
				BUNDLE_LOADER = "$(TEST_HOST)";
				COMBINE_HIDPI_IMAGES = YES;
				HEADER_SEARCH_PATHS = /usr/include/libxml2;
				INFOPLIST_FILE = GeekParkTests/Info.plist;
				LD_RUNPATH_SEARCH_PATHS = "$(inherited) @executable_path/../Frameworks @loader_path/../Frameworks";
				PRODUCT_BUNDLE_IDENTIFIER = lan.GeekParkTests;
				PRODUCT_NAME = "$(TARGET_NAME)";
				SWIFT_VERSION = 5.0;
				TEST_HOST = "$(BUILT_PRODUCTS_DIR)/GeekPark.app/Contents/MacOS/GeekPark";
			};
			name = Debug;
		};
		3F0502E11D6EE4FA00EA24F0 /* Release */ = {
			isa = XCBuildConfiguration;
			buildSettings = {
				BUNDLE_LOADER = "$(TEST_HOST)";
				COMBINE_HIDPI_IMAGES = YES;
				HEADER_SEARCH_PATHS = /usr/include/libxml2;
				INFOPLIST_FILE = GeekParkTests/Info.plist;
				LD_RUNPATH_SEARCH_PATHS = "$(inherited) @executable_path/../Frameworks @loader_path/../Frameworks";
				PRODUCT_BUNDLE_IDENTIFIER = lan.GeekParkTests;
				PRODUCT_NAME = "$(TARGET_NAME)";
				SWIFT_VERSION = 5.0;
				TEST_HOST = "$(BUILT_PRODUCTS_DIR)/GeekPark.app/Contents/MacOS/GeekPark";
			};
			name = Release;
		};
		3F0502E31D6EE4FA00EA24F0 /* Debug */ = {
			isa = XCBuildConfiguration;
			buildSettings = {
				COMBINE_HIDPI_IMAGES = YES;
				INFOPLIST_FILE = GeekParkUITests/Info.plist;
				LD_RUNPATH_SEARCH_PATHS = "$(inherited) @executable_path/../Frameworks @loader_path/../Frameworks";
				PRODUCT_BUNDLE_IDENTIFIER = lan.GeekParkUITests;
				PRODUCT_NAME = "$(TARGET_NAME)";
				SWIFT_VERSION = 5.0;
				TEST_TARGET_NAME = GeekPark;
			};
			name = Debug;
		};
		3F0502E41D6EE4FA00EA24F0 /* Release */ = {
			isa = XCBuildConfiguration;
			buildSettings = {
				COMBINE_HIDPI_IMAGES = YES;
				INFOPLIST_FILE = GeekParkUITests/Info.plist;
				LD_RUNPATH_SEARCH_PATHS = "$(inherited) @executable_path/../Frameworks @loader_path/../Frameworks";
				PRODUCT_BUNDLE_IDENTIFIER = lan.GeekParkUITests;
				PRODUCT_NAME = "$(TARGET_NAME)";
				SWIFT_VERSION = 5.0;
				TEST_TARGET_NAME = GeekPark;
			};
			name = Release;
		};
/* End XCBuildConfiguration section */

/* Begin XCConfigurationList section */
		3F0502B41D6EE4F900EA24F0 /* Build configuration list for PBXProject "GeekPark" */ = {
			isa = XCConfigurationList;
			buildConfigurations = (
				3F0502DA1D6EE4FA00EA24F0 /* Debug */,
				3F0502DB1D6EE4FA00EA24F0 /* Release */,
			);
			defaultConfigurationIsVisible = 0;
			defaultConfigurationName = Release;
		};
		3F0502DC1D6EE4FA00EA24F0 /* Build configuration list for PBXNativeTarget "GeekPark" */ = {
			isa = XCConfigurationList;
			buildConfigurations = (
				3F0502DD1D6EE4FA00EA24F0 /* Debug */,
				3F0502DE1D6EE4FA00EA24F0 /* Release */,
			);
			defaultConfigurationIsVisible = 0;
			defaultConfigurationName = Release;
		};
		3F0502DF1D6EE4FA00EA24F0 /* Build configuration list for PBXNativeTarget "GeekParkTests" */ = {
			isa = XCConfigurationList;
			buildConfigurations = (
				3F0502E01D6EE4FA00EA24F0 /* Debug */,
				3F0502E11D6EE4FA00EA24F0 /* Release */,
			);
			defaultConfigurationIsVisible = 0;
			defaultConfigurationName = Release;
		};
		3F0502E21D6EE4FA00EA24F0 /* Build configuration list for PBXNativeTarget "GeekParkUITests" */ = {
			isa = XCConfigurationList;
			buildConfigurations = (
				3F0502E31D6EE4FA00EA24F0 /* Debug */,
				3F0502E41D6EE4FA00EA24F0 /* Release */,
			);
			defaultConfigurationIsVisible = 0;
			defaultConfigurationName = Release;
		};
/* End XCConfigurationList section */
	};
	rootObject = 3F0502B11D6EE4F900EA24F0 /* Project object */;
}
